{
  "name": "parmesan",
  "version": "2.0.1",
  "lockfileVersion": 1,
  "requires": true,
  "dependencies": {
    "big-box": {
      "version": "1.3.3",
      "resolved": "https://registry.npmjs.org/big-box/-/big-box-1.3.3.tgz",
      "integrity": "sha512-G8x59XcqzW0qbeFaMK5Lj3RSzaCg/I9UHhATy0vin3XKlMwjzDFX/TvO1p9gpNwqa2Zd4Vb9YiwgNjI8AFfM4w==",
      "requires": {
        "radley": "^6.0.0"
      }
    },
    "myio": {
      "version": "2.0.0",
      "resolved": "https://registry.npmjs.org/myio/-/myio-2.0.0.tgz",
      "integrity": "sha512-Cs/m+rTjn/vF+oLigxCxwNbSkVm781GcU/8YGoB9Z2AKkojaUSFPDufZBHNc3R1kyE5SLETeweQezMIA3xrv0A==",
      "requires": {
        "big-box": "^1.3.1"
      }
    },
    "radley": {
      "version": "6.0.0",
      "resolved": "https://registry.npmjs.org/radley/-/radley-6.0.0.tgz",
      "integrity": "sha512-IZNpYMLxU9HrBYaWNn1rUBb4FLGlvIUAVXn9qglepW9n/6StWIwQDcWu+RQ1AXJzFp0VpiZIQB3gTrZu4zBeeQ=="
    }
  }
}
